
Microsoft Visual Studio Solution File, Format Version 12.00
Project("{FAE04EC0-301F-11D3-BF4B-00C04F79EFBC}") = "ATBot", "ATBot\ATBot.csproj", "{BC50D800-5675-4B64-90F5-FA3F97339587}"
EndProject
Global
	GlobalSection(SolutionConfigurationPlatforms) = preSolution
		Debug|Any CPU = Debug|Any CPU
		Release|Any CPU = Release|Any CPU
	EndGlobalSection
	GlobalSection(ProjectConfigurationPlatforms) = postSolution
		{BC50D800-5675-4B64-90F5-FA3F97339587}.Debug|Any CPU.ActiveCfg = Debug|Any CPU
		{BC50D800-5675-4B64-90F5-FA3F97339587}.Debug|Any CPU.Build.0 = Debug|Any CPU
		{BC50D800-5675-4B64-90F5-FA3F97339587}.Release|Any CPU.ActiveCfg = Release|Any CPU
		{BC50D800-5675-4B64-90F5-FA3F97339587}.Release|Any CPU.Build.0 = Release|Any CPU
	EndGlobalSection
EndGlobal
